<?xml version="1.0" encoding="UTF-8" standalone="yes" ?>
<CodeBlocks_project_file>
	<FileVersion major="1" minor="6" />
	<Project>
		<Option title="ChordAlg" />
		<Option pch_mode="2" />
		<Option compiler="cygwin" />
		<Build>
			<Target title="Debug">
				<Option output="bin\Debug\ChordAlg" prefix_auto="1" extension_auto="1" />
				<Option object_output="obj\Debug\" />
				<Option type="1" />
				<Option compiler="cygwin" />
				<Compiler>
					<Add option="-g" />
					<Add directory="..\TestPit\gtest-1.6.0\include" />
				</Compiler>
				<Linker>
					<Add library="..\TestPit\gtest-1.6.0\make\gtest_main.a" />
					<Add library="..\..\..\..\..\..\..\..\cygwin\lib\libc.a" />
					<Add directory="..\TestPit\gtest-1.6.0\include" />
				</Linker>
			</Target>
		</Build>
		<Compiler>
			<Add option="-Wall" />
			<Add option="-fexceptions" />
			<Add directory="include" />
		</Compiler>
		<Linker>
			<Add directory="include" />
		</Linker>
		<Unit filename="include\buffer.h" />
		<Unit filename="include\chordalg_types.h">
			<Option target="&lt;{~None~}&gt;" />
		</Unit>
		<Unit filename="include\file_reader.h" />
		<Unit filename="include\graph.h" />
		<Unit filename="include\separator.h" />
		<Unit filename="main.cpp" />
		<Unit filename="src\file_reader.cpp" />
		<Unit filename="src\graph.cpp" />
		<Unit filename="src\separator.cpp" />
		<Unit filename="unittest\graph_test.cpp" />
		<Unit filename="unittest\graph_test.h" />
		<Extensions>
			<code_completion />
			<debugger />
		</Extensions>
	</Project>
</CodeBlocks_project_file>
